
Microsoft Visual Studio Solution File, Format Version 12.00
# Visual Studio 15
VisualStudioVersion = 15.0.27703.2047
MinimumVisualStudioVersion = 10.0.40219.1
Project("{2150E333-8FDC-42A3-9474-1A3956D46DE8}") = "Arduino", "Arduino", "{34E12D02-9781-414A-B0D8-5BAB66C3DADD}"
EndProject
Project("{2150E333-8FDC-42A3-9474-1A3956D46DE8}") = "Pc", "Pc", "{87344280-1B3D-4EBB-BC13-99B9411E9F0A}"
EndProject
Project("{2150E333-8FDC-42A3-9474-1A3956D46DE8}") = "Arduino1_MCP", "Arduino1_MCP", "{6034FDF7-2ADF-4484-A0EB-713EDAE8E034}"
EndProject
Project("{2150E333-8FDC-42A3-9474-1A3956D46DE8}") = "Arduino2", "Arduino2", "{7B6470D5-0980-4A66-8F1A-347AEF9406EC}"
EndProject
Project("{FAE04EC0-301F-11D3-BF4B-00C04F79EFBC}") = "MDHomeCockpit.ListenerService", "MDHomeCockpit.ListenerService\MDHomeCockpit.ListenerService.csproj", "{B8889118-9D48-4783-8585-70C2C62AB96E}"
EndProject
Project("{8BC9CEB8-8B4A-11D0-8D11-00A0C91BC942}") = "Arduino_MCP", "Arduino_MCP\Arduino_MCP.vcxproj", "{C5F80730-F44F-4478-BDAE-6634EFC2CA88}"
EndProject
Project("{2150E333-8FDC-42A3-9474-1A3956D46DE8}") = "CmdMessenger", "CmdMessenger", "{5A3A42E8-3050-403A-B75A-C326E7A54707}"
EndProject
Project("{FAE04EC0-301F-11D3-BF4B-00C04F79EFBC}") = "6-ArduinoController", "CommandMessenger\ArduinoController\6-ArduinoController.csproj", "{F994C186-EB6F-4E71-B274-DBF46F3534BB}"
EndProject
Project("{FAE04EC0-301F-11D3-BF4B-00C04F79EFBC}") = "CommandMessenger", "CommandMessenger\CommandMessenger\CommandMessenger.csproj", "{3CF8F8FC-6F5C-46F8-94DC-C2E4C505ECA4}"
EndProject
Project("{FAE04EC0-301F-11D3-BF4B-00C04F79EFBC}") = "CommandMessenger.Transport.Bluetooth", "CommandMessenger\CommandMessenger.Transport.Bluetooth\CommandMessenger.Transport.Bluetooth.csproj", "{68BE9E17-9B05-4B66-BDE6-F2A4C50858EA}"
EndProject
Project("{FAE04EC0-301F-11D3-BF4B-00C04F79EFBC}") = "CommandMessenger.Transport.IPC", "CommandMessenger\CommandMessenger.Transport.IPC\CommandMessenger.Transport.IPC.csproj", "{27DF28C4-F702-4AF5-8104-133833253AA6}"
EndProject
Project("{FAE04EC0-301F-11D3-BF4B-00C04F79EFBC}") = "CommandMessenger.Transport.Network", "CommandMessenger\CommandMessenger.Transport.Network\CommandMessenger.Transport.Network.csproj", "{1C05AD41-693D-440B-A787-AF196B0F9576}"
EndProject
Project("{FAE04EC0-301F-11D3-BF4B-00C04F79EFBC}") = "CommandMessenger.Transport.Serial", "CommandMessenger\CommandMessenger.Transport.Serial\CommandMessenger.Transport.Serial.csproj", "{00D85F0B-00A5-41FA-8A99-428C0199C663}"
EndProject
Project("{FAE04EC0-301F-11D3-BF4B-00C04F79EFBC}") = "5-DataLogging", "CommandMessenger\DataLogging\5-DataLogging.csproj", "{8CBED77C-78BF-453F-8733-97798A95916F}"
EndProject
Project("{FAE04EC0-301F-11D3-BF4B-00C04F79EFBC}") = "1-Receive", "CommandMessenger\Receive\1-Receive.csproj", "{C5545DBA-7364-4FD1-B061-9C5FA5C06141}"
EndProject
Project("{FAE04EC0-301F-11D3-BF4B-00C04F79EFBC}") = "2-SendAndReceive", "CommandMessenger\SendAndReceive\2-SendAndReceive.csproj", "{37286642-47EE-44D8-87D9-3CFAFC8D68BD}"
EndProject
Project("{FAE04EC0-301F-11D3-BF4B-00C04F79EFBC}") = "3-SendAndReceiveArguments", "CommandMessenger\SendAndReceiveArguments\3-SendAndReceiveArguments.csproj", "{A1DBBE25-AD1A-4AA0-9CB4-5BD47B495178}"
EndProject
Project("{FAE04EC0-301F-11D3-BF4B-00C04F79EFBC}") = "4-SendAndReceiveBinaryArguments", "CommandMessenger\SendAndReceiveBinaryArguments\4-SendAndReceiveBinaryArguments.csproj", "{E8A22A1D-5EA8-4FF1-808A-503225720837}"
EndProject
Project("{FAE04EC0-301F-11D3-BF4B-00C04F79EFBC}") = "8-SimpleBluetooth", "CommandMessenger\SimpleBluetooth\8-SimpleBluetooth.csproj", "{D1494302-6BD6-415F-A43A-4C3CD3EB7FD9}"
EndProject
Project("{FAE04EC0-301F-11D3-BF4B-00C04F79EFBC}") = "7-SimpleWatchdog", "CommandMessenger\SimpleWatchdog\7-SimpleWatchdog.csproj", "{0D783DF1-9DEB-406D-8410-33A789B1FFD4}"
EndProject
Project("{FAE04EC0-301F-11D3-BF4B-00C04F79EFBC}") = "9-TemperatureControl", "CommandMessenger\TemperatureControl\9-TemperatureControl.csproj", "{78810760-E45A-4ACB-8D94-0E359E2F73FB}"
EndProject
Project("{2150E333-8FDC-42A3-9474-1A3956D46DE8}") = "XPTest", "XPTest", "{DB415EC6-7B5C-4D47-A4FF-2D979ADF7086}"
EndProject
Project("{FAE04EC0-301F-11D3-BF4B-00C04F79EFBC}") = "XplaneConnectionTest", "XplaneConnectionTest\XplaneConnectionTest.csproj", "{0A0FA8F6-9132-40EF-A43B-EEA9323071D4}"
EndProject
Global
	GlobalSection(SolutionConfigurationPlatforms) = preSolution
		Debug|Any CPU = Debug|Any CPU
		Debug|x86 = Debug|x86
		Release|Any CPU = Release|Any CPU
		Release|x86 = Release|x86
	EndGlobalSection
	GlobalSection(ProjectConfigurationPlatforms) = postSolution
		{B8889118-9D48-4783-8585-70C2C62AB96E}.Debug|Any CPU.ActiveCfg = Debug|Any CPU
		{B8889118-9D48-4783-8585-70C2C62AB96E}.Debug|Any CPU.Build.0 = Debug|Any CPU
		{B8889118-9D48-4783-8585-70C2C62AB96E}.Debug|x86.ActiveCfg = Debug|Any CPU
		{B8889118-9D48-4783-8585-70C2C62AB96E}.Debug|x86.Build.0 = Debug|Any CPU
		{B8889118-9D48-4783-8585-70C2C62AB96E}.Release|Any CPU.ActiveCfg = Release|Any CPU
		{B8889118-9D48-4783-8585-70C2C62AB96E}.Release|Any CPU.Build.0 = Release|Any CPU
		{B8889118-9D48-4783-8585-70C2C62AB96E}.Release|x86.ActiveCfg = Release|Any CPU
		{B8889118-9D48-4783-8585-70C2C62AB96E}.Release|x86.Build.0 = Release|Any CPU
		{C5F80730-F44F-4478-BDAE-6634EFC2CA88}.Debug|Any CPU.ActiveCfg = Debug|Win32
		{C5F80730-F44F-4478-BDAE-6634EFC2CA88}.Debug|x86.ActiveCfg = Debug|Win32
		{C5F80730-F44F-4478-BDAE-6634EFC2CA88}.Debug|x86.Build.0 = Debug|Win32
		{C5F80730-F44F-4478-BDAE-6634EFC2CA88}.Release|Any CPU.ActiveCfg = Release|Win32
		{C5F80730-F44F-4478-BDAE-6634EFC2CA88}.Release|x86.ActiveCfg = Release|Win32
		{C5F80730-F44F-4478-BDAE-6634EFC2CA88}.Release|x86.Build.0 = Release|Win32
		{F994C186-EB6F-4E71-B274-DBF46F3534BB}.Debug|Any CPU.ActiveCfg = Debug|Any CPU
		{F994C186-EB6F-4E71-B274-DBF46F3534BB}.Debug|Any CPU.Build.0 = Debug|Any CPU
		{F994C186-EB6F-4E71-B274-DBF46F3534BB}.Debug|x86.ActiveCfg = Debug|x86
		{F994C186-EB6F-4E71-B274-DBF46F3534BB}.Debug|x86.Build.0 = Debug|x86
		{F994C186-EB6F-4E71-B274-DBF46F3534BB}.Release|Any CPU.ActiveCfg = Release|Any CPU
		{F994C186-EB6F-4E71-B274-DBF46F3534BB}.Release|Any CPU.Build.0 = Release|Any CPU
		{F994C186-EB6F-4E71-B274-DBF46F3534BB}.Release|x86.ActiveCfg = Release|x86
		{F994C186-EB6F-4E71-B274-DBF46F3534BB}.Release|x86.Build.0 = Release|x86
		{3CF8F8FC-6F5C-46F8-94DC-C2E4C505ECA4}.Debug|Any CPU.ActiveCfg = Debug|Any CPU
		{3CF8F8FC-6F5C-46F8-94DC-C2E4C505ECA4}.Debug|Any CPU.Build.0 = Debug|Any CPU
		{3CF8F8FC-6F5C-46F8-94DC-C2E4C505ECA4}.Debug|x86.ActiveCfg = Debug|x86
		{3CF8F8FC-6F5C-46F8-94DC-C2E4C505ECA4}.Debug|x86.Build.0 = Debug|x86
		{3CF8F8FC-6F5C-46F8-94DC-C2E4C505ECA4}.Release|Any CPU.ActiveCfg = Release|Any CPU
		{3CF8F8FC-6F5C-46F8-94DC-C2E4C505ECA4}.Release|Any CPU.Build.0 = Release|Any CPU
		{3CF8F8FC-6F5C-46F8-94DC-C2E4C505ECA4}.Release|x86.ActiveCfg = Release|x86
		{3CF8F8FC-6F5C-46F8-94DC-C2E4C505ECA4}.Release|x86.Build.0 = Release|x86
		{68BE9E17-9B05-4B66-BDE6-F2A4C50858EA}.Debug|Any CPU.ActiveCfg = Debug|Any CPU
		{68BE9E17-9B05-4B66-BDE6-F2A4C50858EA}.Debug|Any CPU.Build.0 = Debug|Any CPU
		{68BE9E17-9B05-4B66-BDE6-F2A4C50858EA}.Debug|x86.ActiveCfg = Debug|x86
		{68BE9E17-9B05-4B66-BDE6-F2A4C50858EA}.Debug|x86.Build.0 = Debug|x86
		{68BE9E17-9B05-4B66-BDE6-F2A4C50858EA}.Release|Any CPU.ActiveCfg = Release|Any CPU
		{68BE9E17-9B05-4B66-BDE6-F2A4C50858EA}.Release|Any CPU.Build.0 = Release|Any CPU
		{68BE9E17-9B05-4B66-BDE6-F2A4C50858EA}.Release|x86.ActiveCfg = Release|x86
		{68BE9E17-9B05-4B66-BDE6-F2A4C50858EA}.Release|x86.Build.0 = Release|x86
		{27DF28C4-F702-4AF5-8104-133833253AA6}.Debug|Any CPU.ActiveCfg = Debug|Any CPU
		{27DF28C4-F702-4AF5-8104-133833253AA6}.Debug|Any CPU.Build.0 = Debug|Any CPU
		{27DF28C4-F702-4AF5-8104-133833253AA6}.Debug|x86.ActiveCfg = Debug|x86
		{27DF28C4-F702-4AF5-8104-133833253AA6}.Debug|x86.Build.0 = Debug|x86
		{27DF28C4-F702-4AF5-8104-133833253AA6}.Release|Any CPU.ActiveCfg = Release|Any CPU
		{27DF28C4-F702-4AF5-8104-133833253AA6}.Release|Any CPU.Build.0 = Release|Any CPU
		{27DF28C4-F702-4AF5-8104-133833253AA6}.Release|x86.ActiveCfg = Release|x86
		{27DF28C4-F702-4AF5-8104-133833253AA6}.Release|x86.Build.0 = Release|x86
		{1C05AD41-693D-440B-A787-AF196B0F9576}.Debug|Any CPU.ActiveCfg = Debug|Any CPU
		{1C05AD41-693D-440B-A787-AF196B0F9576}.Debug|Any CPU.Build.0 = Debug|Any CPU
		{1C05AD41-693D-440B-A787-AF196B0F9576}.Debug|x86.ActiveCfg = Debug|x86
		{1C05AD41-693D-440B-A787-AF196B0F9576}.Debug|x86.Build.0 = Debug|x86
		{1C05AD41-693D-440B-A787-AF196B0F9576}.Release|Any CPU.ActiveCfg = Release|Any CPU
		{1C05AD41-693D-440B-A787-AF196B0F9576}.Release|Any CPU.Build.0 = Release|Any CPU
		{1C05AD41-693D-440B-A787-AF196B0F9576}.Release|x86.ActiveCfg = Release|x86
		{1C05AD41-693D-440B-A787-AF196B0F9576}.Release|x86.Build.0 = Release|x86
		{00D85F0B-00A5-41FA-8A99-428C0199C663}.Debug|Any CPU.ActiveCfg = Debug|Any CPU
		{00D85F0B-00A5-41FA-8A99-428C0199C663}.Debug|Any CPU.Build.0 = Debug|Any CPU
		{00D85F0B-00A5-41FA-8A99-428C0199C663}.Debug|x86.ActiveCfg = Debug|x86
		{00D85F0B-00A5-41FA-8A99-428C0199C663}.Debug|x86.Build.0 = Debug|x86
		{00D85F0B-00A5-41FA-8A99-428C0199C663}.Release|Any CPU.ActiveCfg = Release|Any CPU
		{00D85F0B-00A5-41FA-8A99-428C0199C663}.Release|Any CPU.Build.0 = Release|Any CPU
		{00D85F0B-00A5-41FA-8A99-428C0199C663}.Release|x86.ActiveCfg = Release|x86
		{00D85F0B-00A5-41FA-8A99-428C0199C663}.Release|x86.Build.0 = Release|x86
		{8CBED77C-78BF-453F-8733-97798A95916F}.Debug|Any CPU.ActiveCfg = Debug|Any CPU
		{8CBED77C-78BF-453F-8733-97798A95916F}.Debug|Any CPU.Build.0 = Debug|Any CPU
		{8CBED77C-78BF-453F-8733-97798A95916F}.Debug|x86.ActiveCfg = Debug|x86
		{8CBED77C-78BF-453F-8733-97798A95916F}.Debug|x86.Build.0 = Debug|x86
		{8CBED77C-78BF-453F-8733-97798A95916F}.Release|Any CPU.ActiveCfg = Release|Any CPU
		{8CBED77C-78BF-453F-8733-97798A95916F}.Release|Any CPU.Build.0 = Release|Any CPU
		{8CBED77C-78BF-453F-8733-97798A95916F}.Release|x86.ActiveCfg = Release|x86
		{8CBED77C-78BF-453F-8733-97798A95916F}.Release|x86.Build.0 = Release|x86
		{C5545DBA-7364-4FD1-B061-9C5FA5C06141}.Debug|Any CPU.ActiveCfg = Debug|Any CPU
		{C5545DBA-7364-4FD1-B061-9C5FA5C06141}.Debug|Any CPU.Build.0 = Debug|Any CPU
		{C5545DBA-7364-4FD1-B061-9C5FA5C06141}.Debug|x86.ActiveCfg = Debug|x86
		{C5545DBA-7364-4FD1-B061-9C5FA5C06141}.Debug|x86.Build.0 = Debug|x86
		{C5545DBA-7364-4FD1-B061-9C5FA5C06141}.Release|Any CPU.ActiveCfg = Release|Any CPU
		{C5545DBA-7364-4FD1-B061-9C5FA5C06141}.Release|Any CPU.Build.0 = Release|Any CPU
		{C5545DBA-7364-4FD1-B061-9C5FA5C06141}.Release|x86.ActiveCfg = Release|x86
		{C5545DBA-7364-4FD1-B061-9C5FA5C06141}.Release|x86.Build.0 = Release|x86
		{37286642-47EE-44D8-87D9-3CFAFC8D68BD}.Debug|Any CPU.ActiveCfg = Debug|Any CPU
		{37286642-47EE-44D8-87D9-3CFAFC8D68BD}.Debug|Any CPU.Build.0 = Debug|Any CPU
		{37286642-47EE-44D8-87D9-3CFAFC8D68BD}.Debug|x86.ActiveCfg = Debug|x86
		{37286642-47EE-44D8-87D9-3CFAFC8D68BD}.Debug|x86.Build.0 = Debug|x86
		{37286642-47EE-44D8-87D9-3CFAFC8D68BD}.Release|Any CPU.ActiveCfg = Release|Any CPU
		{37286642-47EE-44D8-87D9-3CFAFC8D68BD}.Release|Any CPU.Build.0 = Release|Any CPU
		{37286642-47EE-44D8-87D9-3CFAFC8D68BD}.Release|x86.ActiveCfg = Release|x86
		{37286642-47EE-44D8-87D9-3CFAFC8D68BD}.Release|x86.Build.0 = Release|x86
		{A1DBBE25-AD1A-4AA0-9CB4-5BD47B495178}.Debug|Any CPU.ActiveCfg = Debug|Any CPU
		{A1DBBE25-AD1A-4AA0-9CB4-5BD47B495178}.Debug|Any CPU.Build.0 = Debug|Any CPU
		{A1DBBE25-AD1A-4AA0-9CB4-5BD47B495178}.Debug|x86.ActiveCfg = Debug|x86
		{A1DBBE25-AD1A-4AA0-9CB4-5BD47B495178}.Debug|x86.Build.0 = Debug|x86
		{A1DBBE25-AD1A-4AA0-9CB4-5BD47B495178}.Release|Any CPU.ActiveCfg = Release|Any CPU
		{A1DBBE25-AD1A-4AA0-9CB4-5BD47B495178}.Release|Any CPU.Build.0 = Release|Any CPU
		{A1DBBE25-AD1A-4AA0-9CB4-5BD47B495178}.Release|x86.ActiveCfg = Release|x86
		{A1DBBE25-AD1A-4AA0-9CB4-5BD47B495178}.Release|x86.Build.0 = Release|x86
		{E8A22A1D-5EA8-4FF1-808A-503225720837}.Debug|Any CPU.ActiveCfg = Debug|Any CPU
		{E8A22A1D-5EA8-4FF1-808A-503225720837}.Debug|Any CPU.Build.0 = Debug|Any CPU
		{E8A22A1D-5EA8-4FF1-808A-503225720837}.Debug|x86.ActiveCfg = Debug|x86
		{E8A22A1D-5EA8-4FF1-808A-503225720837}.Debug|x86.Build.0 = Debug|x86
		{E8A22A1D-5EA8-4FF1-808A-503225720837}.Release|Any CPU.ActiveCfg = Release|Any CPU
		{E8A22A1D-5EA8-4FF1-808A-503225720837}.Release|Any CPU.Build.0 = Release|Any CPU
		{E8A22A1D-5EA8-4FF1-808A-503225720837}.Release|x86.ActiveCfg = Release|x86
		{E8A22A1D-5EA8-4FF1-808A-503225720837}.Release|x86.Build.0 = Release|x86
		{D1494302-6BD6-415F-A43A-4C3CD3EB7FD9}.Debug|Any CPU.ActiveCfg = Debug|Any CPU
		{D1494302-6BD6-415F-A43A-4C3CD3EB7FD9}.Debug|Any CPU.Build.0 = Debug|Any CPU
		{D1494302-6BD6-415F-A43A-4C3CD3EB7FD9}.Debug|x86.ActiveCfg = Debug|x86
		{D1494302-6BD6-415F-A43A-4C3CD3EB7FD9}.Debug|x86.Build.0 = Debug|x86
		{D1494302-6BD6-415F-A43A-4C3CD3EB7FD9}.Release|Any CPU.ActiveCfg = Release|Any CPU
		{D1494302-6BD6-415F-A43A-4C3CD3EB7FD9}.Release|Any CPU.Build.0 = Release|Any CPU
		{D1494302-6BD6-415F-A43A-4C3CD3EB7FD9}.Release|x86.ActiveCfg = Release|x86
		{D1494302-6BD6-415F-A43A-4C3CD3EB7FD9}.Release|x86.Build.0 = Release|x86
		{0D783DF1-9DEB-406D-8410-33A789B1FFD4}.Debug|Any CPU.ActiveCfg = Debug|Any CPU
		{0D783DF1-9DEB-406D-8410-33A789B1FFD4}.Debug|Any CPU.Build.0 = Debug|Any CPU
		{0D783DF1-9DEB-406D-8410-33A789B1FFD4}.Debug|x86.ActiveCfg = Debug|x86
		{0D783DF1-9DEB-406D-8410-33A789B1FFD4}.Debug|x86.Build.0 = Debug|x86
		{0D783DF1-9DEB-406D-8410-33A789B1FFD4}.Release|Any CPU.ActiveCfg = Release|Any CPU
		{0D783DF1-9DEB-406D-8410-33A789B1FFD4}.Release|Any CPU.Build.0 = Release|Any CPU
		{0D783DF1-9DEB-406D-8410-33A789B1FFD4}.Release|x86.ActiveCfg = Release|x86
		{0D783DF1-9DEB-406D-8410-33A789B1FFD4}.Release|x86.Build.0 = Release|x86
		{78810760-E45A-4ACB-8D94-0E359E2F73FB}.Debug|Any CPU.ActiveCfg = Debug|Any CPU
		{78810760-E45A-4ACB-8D94-0E359E2F73FB}.Debug|Any CPU.Build.0 = Debug|Any CPU
		{78810760-E45A-4ACB-8D94-0E359E2F73FB}.Debug|x86.ActiveCfg = Debug|x86
		{78810760-E45A-4ACB-8D94-0E359E2F73FB}.Debug|x86.Build.0 = Debug|x86
		{78810760-E45A-4ACB-8D94-0E359E2F73FB}.Release|Any CPU.ActiveCfg = Release|Any CPU
		{78810760-E45A-4ACB-8D94-0E359E2F73FB}.Release|Any CPU.Build.0 = Release|Any CPU
		{78810760-E45A-4ACB-8D94-0E359E2F73FB}.Release|x86.ActiveCfg = Release|x86
		{78810760-E45A-4ACB-8D94-0E359E2F73FB}.Release|x86.Build.0 = Release|x86
		{0A0FA8F6-9132-40EF-A43B-EEA9323071D4}.Debug|Any CPU.ActiveCfg = Debug|Any CPU
		{0A0FA8F6-9132-40EF-A43B-EEA9323071D4}.Debug|Any CPU.Build.0 = Debug|Any CPU
		{0A0FA8F6-9132-40EF-A43B-EEA9323071D4}.Debug|x86.ActiveCfg = Debug|Any CPU
		{0A0FA8F6-9132-40EF-A43B-EEA9323071D4}.Debug|x86.Build.0 = Debug|Any CPU
		{0A0FA8F6-9132-40EF-A43B-EEA9323071D4}.Release|Any CPU.ActiveCfg = Release|Any CPU
		{0A0FA8F6-9132-40EF-A43B-EEA9323071D4}.Release|Any CPU.Build.0 = Release|Any CPU
		{0A0FA8F6-9132-40EF-A43B-EEA9323071D4}.Release|x86.ActiveCfg = Release|Any CPU
		{0A0FA8F6-9132-40EF-A43B-EEA9323071D4}.Release|x86.Build.0 = Release|Any CPU
	EndGlobalSection
	GlobalSection(SolutionProperties) = preSolution
		HideSolutionNode = FALSE
	EndGlobalSection
	GlobalSection(NestedProjects) = preSolution
		{6034FDF7-2ADF-4484-A0EB-713EDAE8E034} = {34E12D02-9781-414A-B0D8-5BAB66C3DADD}
		{7B6470D5-0980-4A66-8F1A-347AEF9406EC} = {34E12D02-9781-414A-B0D8-5BAB66C3DADD}
		{B8889118-9D48-4783-8585-70C2C62AB96E} = {87344280-1B3D-4EBB-BC13-99B9411E9F0A}
		{C5F80730-F44F-4478-BDAE-6634EFC2CA88} = {6034FDF7-2ADF-4484-A0EB-713EDAE8E034}
		{5A3A42E8-3050-403A-B75A-C326E7A54707} = {87344280-1B3D-4EBB-BC13-99B9411E9F0A}
		{F994C186-EB6F-4E71-B274-DBF46F3534BB} = {5A3A42E8-3050-403A-B75A-C326E7A54707}
		{3CF8F8FC-6F5C-46F8-94DC-C2E4C505ECA4} = {5A3A42E8-3050-403A-B75A-C326E7A54707}
		{68BE9E17-9B05-4B66-BDE6-F2A4C50858EA} = {5A3A42E8-3050-403A-B75A-C326E7A54707}
		{27DF28C4-F702-4AF5-8104-133833253AA6} = {5A3A42E8-3050-403A-B75A-C326E7A54707}
		{1C05AD41-693D-440B-A787-AF196B0F9576} = {5A3A42E8-3050-403A-B75A-C326E7A54707}
		{00D85F0B-00A5-41FA-8A99-428C0199C663} = {5A3A42E8-3050-403A-B75A-C326E7A54707}
		{8CBED77C-78BF-453F-8733-97798A95916F} = {5A3A42E8-3050-403A-B75A-C326E7A54707}
		{C5545DBA-7364-4FD1-B061-9C5FA5C06141} = {5A3A42E8-3050-403A-B75A-C326E7A54707}
		{37286642-47EE-44D8-87D9-3CFAFC8D68BD} = {5A3A42E8-3050-403A-B75A-C326E7A54707}
		{A1DBBE25-AD1A-4AA0-9CB4-5BD47B495178} = {5A3A42E8-3050-403A-B75A-C326E7A54707}
		{E8A22A1D-5EA8-4FF1-808A-503225720837} = {5A3A42E8-3050-403A-B75A-C326E7A54707}
		{D1494302-6BD6-415F-A43A-4C3CD3EB7FD9} = {5A3A42E8-3050-403A-B75A-C326E7A54707}
		{0D783DF1-9DEB-406D-8410-33A789B1FFD4} = {5A3A42E8-3050-403A-B75A-C326E7A54707}
		{78810760-E45A-4ACB-8D94-0E359E2F73FB} = {5A3A42E8-3050-403A-B75A-C326E7A54707}
		{DB415EC6-7B5C-4D47-A4FF-2D979ADF7086} = {87344280-1B3D-4EBB-BC13-99B9411E9F0A}
		{0A0FA8F6-9132-40EF-A43B-EEA9323071D4} = {DB415EC6-7B5C-4D47-A4FF-2D979ADF7086}
	EndGlobalSection
	GlobalSection(ExtensibilityGlobals) = postSolution
		SolutionGuid = {F7CED606-884C-4E7E-BF48-E81106FFB759}
	EndGlobalSection
EndGlobal
